
Microsoft Visual Studio Solution File, Format Version 12.00
# Visual Studio Version 16
VisualStudioVersion = 16.0.31702.278
MinimumVisualStudioVersion = 10.0.40219.1
Project("{9A19103F-16F7-4668-BE54-9A1E7A4F7556}") = "Blockchain.Console", "Blockchain.Console\Blockchain.Console.csproj", "{2CD4E971-1C39-4BEE-A941-07D87B34F8A5}"
EndProject
Project("{2150E333-8FDC-42A3-9474-1A3956D46DE8}") = "Tests", "Tests", "{0B758956-D652-430B-99E4-6563361E16BD}"
EndProject
Project("{9A19103F-16F7-4668-BE54-9A1E7A4F7556}") = "Blockchain.Tests", "Tests\Blockchain.Tests\Blockchain.Tests.csproj", "{29EC8A23-4153-4750-A09B-BC93F3C6AC21}"
EndProject
Project("{9A19103F-16F7-4668-BE54-9A1E7A4F7556}") = "Blockchain.Core", "Blockchain.Core\Blockchain.Core.csproj", "{884191BF-D56E-4BEB-81F3-F1A2A5693E35}"
EndProject
Project("{FAE04EC0-301F-11D3-BF4B-00C04F79EFBC}") = "Blockchain.Node", "Blockchain.Node\Blockchain.Node.csproj", "{F6E9C4DC-3EDE-4805-8671-7793EDF13FC8}"
EndProject
Global
	GlobalSection(SolutionConfigurationPlatforms) = preSolution
		Debug|Any CPU = Debug|Any CPU
		Release|Any CPU = Release|Any CPU
	EndGlobalSection
	GlobalSection(ProjectConfigurationPlatforms) = postSolution
		{2CD4E971-1C39-4BEE-A941-07D87B34F8A5}.Debug|Any CPU.ActiveCfg = Debug|Any CPU
		{2CD4E971-1C39-4BEE-A941-07D87B34F8A5}.Debug|Any CPU.Build.0 = Debug|Any CPU
		{2CD4E971-1C39-4BEE-A941-07D87B34F8A5}.Release|Any CPU.ActiveCfg = Release|Any CPU
		{2CD4E971-1C39-4BEE-A941-07D87B34F8A5}.Release|Any CPU.Build.0 = Release|Any CPU
		{29EC8A23-4153-4750-A09B-BC93F3C6AC21}.Debug|Any CPU.ActiveCfg = Debug|Any CPU
		{29EC8A23-4153-4750-A09B-BC93F3C6AC21}.Debug|Any CPU.Build.0 = Debug|Any CPU
		{29EC8A23-4153-4750-A09B-BC93F3C6AC21}.Release|Any CPU.ActiveCfg = Release|Any CPU
		{29EC8A23-4153-4750-A09B-BC93F3C6AC21}.Release|Any CPU.Build.0 = Release|Any CPU
		{884191BF-D56E-4BEB-81F3-F1A2A5693E35}.Debug|Any CPU.ActiveCfg = Debug|Any CPU
		{884191BF-D56E-4BEB-81F3-F1A2A5693E35}.Debug|Any CPU.Build.0 = Debug|Any CPU
		{884191BF-D56E-4BEB-81F3-F1A2A5693E35}.Release|Any CPU.ActiveCfg = Release|Any CPU
		{884191BF-D56E-4BEB-81F3-F1A2A5693E35}.Release|Any CPU.Build.0 = Release|Any CPU
		{F6E9C4DC-3EDE-4805-8671-7793EDF13FC8}.Debug|Any CPU.ActiveCfg = Debug|Any CPU
		{F6E9C4DC-3EDE-4805-8671-7793EDF13FC8}.Debug|Any CPU.Build.0 = Debug|Any CPU
		{F6E9C4DC-3EDE-4805-8671-7793EDF13FC8}.Release|Any CPU.ActiveCfg = Release|Any CPU
		{F6E9C4DC-3EDE-4805-8671-7793EDF13FC8}.Release|Any CPU.Build.0 = Release|Any CPU
	EndGlobalSection
	GlobalSection(SolutionProperties) = preSolution
		HideSolutionNode = FALSE
	EndGlobalSection
	GlobalSection(NestedProjects) = preSolution
		{29EC8A23-4153-4750-A09B-BC93F3C6AC21} = {0B758956-D652-430B-99E4-6563361E16BD}
	EndGlobalSection
	GlobalSection(ExtensibilityGlobals) = postSolution
		SolutionGuid = {88F5AE2B-CAD4-407D-8CCD-D18B289FB8C7}
	EndGlobalSection
EndGlobal
